
Microsoft Visual Studio Solution File, Format Version 12.00
Project("{FAE04EC0-301F-11D3-BF4B-00C04F79EFBC}") = "Timestamp.LiveOrderBook.Domain", "Timestamp.LiveOrderBook.Domain\Timestamp.LiveOrderBook.Domain.csproj", "{27D44FC1-45F5-4F99-AB2A-F9A3F31B1708}"
EndProject
Global
	GlobalSection(SolutionConfigurationPlatforms) = preSolution
		Debug|Any CPU = Debug|Any CPU
		Release|Any CPU = Release|Any CPU
	EndGlobalSection
	GlobalSection(ProjectConfigurationPlatforms) = postSolution
		{27D44FC1-45F5-4F99-AB2A-F9A3F31B1708}.Debug|Any CPU.ActiveCfg = Debug|Any CPU
		{27D44FC1-45F5-4F99-AB2A-F9A3F31B1708}.Debug|Any CPU.Build.0 = Debug|Any CPU
		{27D44FC1-45F5-4F99-AB2A-F9A3F31B1708}.Release|Any CPU.ActiveCfg = Release|Any CPU
		{27D44FC1-45F5-4F99-AB2A-F9A3F31B1708}.Release|Any CPU.Build.0 = Release|Any CPU
	EndGlobalSection
EndGlobal
