
Microsoft Visual Studio Solution File, Format Version 12.00
# Visual Studio Version 17
VisualStudioVersion = 17.0.31903.59
MinimumVisualStudioVersion = 10.0.40219.1
Project("{FAE04EC0-301F-11D3-BF4B-00C04F79EFBC}") = "Bitstamp.LiveOrderBook.Domain", "Bitstamp.LiveOrderBook.Domain\Bitstamp.LiveOrderBook.Domain.csproj", "{DACDFB8C-80E1-4584-88C0-6960DCEE39CF}"
EndProject
Project("{FAE04EC0-301F-11D3-BF4B-00C04F79EFBC}") = "Bitstamp.LiveOrderBook.Domain.Tests", "Bitstamp.LiveOrderBook.Domain.Tests\Bitstamp.LiveOrderBook.Domain.Tests.csproj", "{751788EC-DCA8-401A-BED1-746670480582}"
EndProject
Project("{FAE04EC0-301F-11D3-BF4B-00C04F79EFBC}") = "Bitstamp.LiveOrderBook.WorkerService", "Bitstamp.LiveOrderBook.WorkerService\Bitstamp.LiveOrderBook.WorkerService.csproj", "{DA524475-2276-4F45-A9F8-F5B9CBE9A265}"
EndProject
Project("{FAE04EC0-301F-11D3-BF4B-00C04F79EFBC}") = "Bitstamp.LiveOrderBook.WorkerService.Tests", "Bitstamp.LiveOrderBook.WorkerService.Tests\Bitstamp.LiveOrderBook.WorkerService.Tests.csproj", "{CEF695CA-64CA-417F-A511-B8B0FA899020}"
EndProject
Project("{FAE04EC0-301F-11D3-BF4B-00C04F79EFBC}") = "Bitstamp.LiveOrderBook.BtcUsd.Function", "Bitstamp.LiveOrderBook.BtcUsd.Function\Bitstamp.LiveOrderBook.BtcUsd.Function.csproj", "{44769E8E-BB87-4C42-A42F-CF056C560E8B}"
EndProject
Project("{FAE04EC0-301F-11D3-BF4B-00C04F79EFBC}") = "Bitstamp.LiveOrderBook.EthUsd.Function", "Bitstamp.LiveOrderBook.EthUsd.Function\Bitstamp.LiveOrderBook.EthUsd.Function.csproj", "{90254601-4A35-46F4-93AD-07F47BFD1E86}"
EndProject
Project("{FAE04EC0-301F-11D3-BF4B-00C04F79EFBC}") = "Bitstamp.LiveOrderBook.BtcUsd.Function.Tests", "Bitstamp.LiveOrderBook.BtcUsd.Function.Tests\Bitstamp.LiveOrderBook.BtcUsd.Function.Tests.csproj", "{42246FFE-83E9-4EA8-9905-49EDE54C7DA6}"
EndProject
Project("{FAE04EC0-301F-11D3-BF4B-00C04F79EFBC}") = "Bitstamp.LiveOrderBook.EthUsd.Function.Tests", "Bitstamp.LiveOrderBook.EthUsd.Function.Tests\Bitstamp.LiveOrderBook.EthUsd.Function.Tests.csproj", "{CFEE959C-B0A6-4376-ABC9-B4C403E23AD8}"
EndProject
Global
	GlobalSection(SolutionConfigurationPlatforms) = preSolution
		Debug|Any CPU = Debug|Any CPU
		Release|Any CPU = Release|Any CPU
	EndGlobalSection
	GlobalSection(SolutionProperties) = preSolution
		HideSolutionNode = FALSE
	EndGlobalSection
	GlobalSection(ProjectConfigurationPlatforms) = postSolution
		{DACDFB8C-80E1-4584-88C0-6960DCEE39CF}.Debug|Any CPU.ActiveCfg = Debug|Any CPU
		{DACDFB8C-80E1-4584-88C0-6960DCEE39CF}.Debug|Any CPU.Build.0 = Debug|Any CPU
		{DACDFB8C-80E1-4584-88C0-6960DCEE39CF}.Release|Any CPU.ActiveCfg = Release|Any CPU
		{DACDFB8C-80E1-4584-88C0-6960DCEE39CF}.Release|Any CPU.Build.0 = Release|Any CPU
		{751788EC-DCA8-401A-BED1-746670480582}.Debug|Any CPU.ActiveCfg = Debug|Any CPU
		{751788EC-DCA8-401A-BED1-746670480582}.Debug|Any CPU.Build.0 = Debug|Any CPU
		{751788EC-DCA8-401A-BED1-746670480582}.Release|Any CPU.ActiveCfg = Release|Any CPU
		{751788EC-DCA8-401A-BED1-746670480582}.Release|Any CPU.Build.0 = Release|Any CPU
		{DA524475-2276-4F45-A9F8-F5B9CBE9A265}.Debug|Any CPU.ActiveCfg = Debug|Any CPU
		{DA524475-2276-4F45-A9F8-F5B9CBE9A265}.Debug|Any CPU.Build.0 = Debug|Any CPU
		{DA524475-2276-4F45-A9F8-F5B9CBE9A265}.Release|Any CPU.ActiveCfg = Release|Any CPU
		{DA524475-2276-4F45-A9F8-F5B9CBE9A265}.Release|Any CPU.Build.0 = Release|Any CPU
		{CEF695CA-64CA-417F-A511-B8B0FA899020}.Debug|Any CPU.ActiveCfg = Debug|Any CPU
		{CEF695CA-64CA-417F-A511-B8B0FA899020}.Debug|Any CPU.Build.0 = Debug|Any CPU
		{CEF695CA-64CA-417F-A511-B8B0FA899020}.Release|Any CPU.ActiveCfg = Release|Any CPU
		{CEF695CA-64CA-417F-A511-B8B0FA899020}.Release|Any CPU.Build.0 = Release|Any CPU
		{44769E8E-BB87-4C42-A42F-CF056C560E8B}.Debug|Any CPU.ActiveCfg = Debug|Any CPU
		{44769E8E-BB87-4C42-A42F-CF056C560E8B}.Debug|Any CPU.Build.0 = Debug|Any CPU
		{44769E8E-BB87-4C42-A42F-CF056C560E8B}.Release|Any CPU.ActiveCfg = Release|Any CPU
		{44769E8E-BB87-4C42-A42F-CF056C560E8B}.Release|Any CPU.Build.0 = Release|Any CPU
		{90254601-4A35-46F4-93AD-07F47BFD1E86}.Debug|Any CPU.ActiveCfg = Debug|Any CPU
		{90254601-4A35-46F4-93AD-07F47BFD1E86}.Debug|Any CPU.Build.0 = Debug|Any CPU
		{90254601-4A35-46F4-93AD-07F47BFD1E86}.Release|Any CPU.ActiveCfg = Release|Any CPU
		{90254601-4A35-46F4-93AD-07F47BFD1E86}.Release|Any CPU.Build.0 = Release|Any CPU
		{42246FFE-83E9-4EA8-9905-49EDE54C7DA6}.Debug|Any CPU.ActiveCfg = Debug|Any CPU
		{42246FFE-83E9-4EA8-9905-49EDE54C7DA6}.Debug|Any CPU.Build.0 = Debug|Any CPU
		{42246FFE-83E9-4EA8-9905-49EDE54C7DA6}.Release|Any CPU.ActiveCfg = Release|Any CPU
		{42246FFE-83E9-4EA8-9905-49EDE54C7DA6}.Release|Any CPU.Build.0 = Release|Any CPU
		{CFEE959C-B0A6-4376-ABC9-B4C403E23AD8}.Debug|Any CPU.ActiveCfg = Debug|Any CPU
		{CFEE959C-B0A6-4376-ABC9-B4C403E23AD8}.Debug|Any CPU.Build.0 = Debug|Any CPU
		{CFEE959C-B0A6-4376-ABC9-B4C403E23AD8}.Release|Any CPU.ActiveCfg = Release|Any CPU
		{CFEE959C-B0A6-4376-ABC9-B4C403E23AD8}.Release|Any CPU.Build.0 = Release|Any CPU
	EndGlobalSection
EndGlobal
